
Microsoft Visual Studio Solution File, Format Version 12.00
# Visual Studio 15
VisualStudioVersion = 15.0.28307.136
MinimumVisualStudioVersion = 10.0.40219.1
Project("{FAE04EC0-301F-11D3-BF4B-00C04F79EFBC}") = "App17.Android", "App17\App17.Android\App17.Android.csproj", "{AE676794-12A9-4ACC-989B-FE829CC40927}"
EndProject
Project("{FAE04EC0-301F-11D3-BF4B-00C04F79EFBC}") = "App17.iOS", "App17\App17.iOS\App17.iOS.csproj", "{5229C18E-7795-4844-AAAF-F01B381A6BAC}"
EndProject
Project("{FAE04EC0-301F-11D3-BF4B-00C04F79EFBC}") = "App17", "App17\App17\App17.csproj", "{DAE11245-8574-4759-99A7-D50B5647F5E6}"
EndProject
Global
	GlobalSection(SolutionConfigurationPlatforms) = preSolution
		Ad-Hoc|Any CPU = Ad-Hoc|Any CPU
		Ad-Hoc|iPhone = Ad-Hoc|iPhone
		Ad-Hoc|iPhoneSimulator = Ad-Hoc|iPhoneSimulator
		AppStore|Any CPU = AppStore|Any CPU
		AppStore|iPhone = AppStore|iPhone
		AppStore|iPhoneSimulator = AppStore|iPhoneSimulator
		Debug|Any CPU = Debug|Any CPU
		Debug|iPhone = Debug|iPhone
		Debug|iPhoneSimulator = Debug|iPhoneSimulator
		Release|Any CPU = Release|Any CPU
		Release|iPhone = Release|iPhone
		Release|iPhoneSimulator = Release|iPhoneSimulator
	EndGlobalSection
	GlobalSection(ProjectConfigurationPlatforms) = postSolution
		{AE676794-12A9-4ACC-989B-FE829CC40927}.Ad-Hoc|Any CPU.ActiveCfg = Release|Any CPU
		{AE676794-12A9-4ACC-989B-FE829CC40927}.Ad-Hoc|Any CPU.Build.0 = Release|Any CPU
		{AE676794-12A9-4ACC-989B-FE829CC40927}.Ad-Hoc|Any CPU.Deploy.0 = Release|Any CPU
		{AE676794-12A9-4ACC-989B-FE829CC40927}.Ad-Hoc|iPhone.ActiveCfg = Release|Any CPU
		{AE676794-12A9-4ACC-989B-FE829CC40927}.Ad-Hoc|iPhone.Build.0 = Release|Any CPU
		{AE676794-12A9-4ACC-989B-FE829CC40927}.Ad-Hoc|iPhone.Deploy.0 = Release|Any CPU
		{AE676794-12A9-4ACC-989B-FE829CC40927}.Ad-Hoc|iPhoneSimulator.ActiveCfg = Release|Any CPU
		{AE676794-12A9-4ACC-989B-FE829CC40927}.Ad-Hoc|iPhoneSimulator.Build.0 = Release|Any CPU
		{AE676794-12A9-4ACC-989B-FE829CC40927}.Ad-Hoc|iPhoneSimulator.Deploy.0 = Release|Any CPU
		{AE676794-12A9-4ACC-989B-FE829CC40927}.AppStore|Any CPU.ActiveCfg = Release|Any CPU
		{AE676794-12A9-4ACC-989B-FE829CC40927}.AppStore|Any CPU.Build.0 = Release|Any CPU
		{AE676794-12A9-4ACC-989B-FE829CC40927}.AppStore|Any CPU.Deploy.0 = Release|Any CPU
		{AE676794-12A9-4ACC-989B-FE829CC40927}.AppStore|iPhone.ActiveCfg = Release|Any CPU
		{AE676794-12A9-4ACC-989B-FE829CC40927}.AppStore|iPhone.Build.0 = Release|Any CPU
		{AE676794-12A9-4ACC-989B-FE829CC40927}.AppStore|iPhone.Deploy.0 = Release|Any CPU
		{AE676794-12A9-4ACC-989B-FE829CC40927}.AppStore|iPhoneSimulator.ActiveCfg = Release|Any CPU
		{AE676794-12A9-4ACC-989B-FE829CC40927}.AppStore|iPhoneSimulator.Build.0 = Release|Any CPU
		{AE676794-12A9-4ACC-989B-FE829CC40927}.AppStore|iPhoneSimulator.Deploy.0 = Release|Any CPU
		{AE676794-12A9-4ACC-989B-FE829CC40927}.Debug|Any CPU.ActiveCfg = Debug|Any CPU
		{AE676794-12A9-4ACC-989B-FE829CC40927}.Debug|Any CPU.Build.0 = Debug|Any CPU
		{AE676794-12A9-4ACC-989B-FE829CC40927}.Debug|Any CPU.Deploy.0 = Debug|Any CPU
		{AE676794-12A9-4ACC-989B-FE829CC40927}.Debug|iPhone.ActiveCfg = Debug|Any CPU
		{AE676794-12A9-4ACC-989B-FE829CC40927}.Debug|iPhone.Build.0 = Debug|Any CPU
		{AE676794-12A9-4ACC-989B-FE829CC40927}.Debug|iPhone.Deploy.0 = Debug|Any CPU
		{AE676794-12A9-4ACC-989B-FE829CC40927}.Debug|iPhoneSimulator.ActiveCfg = Debug|Any CPU
		{AE676794-12A9-4ACC-989B-FE829CC40927}.Debug|iPhoneSimulator.Build.0 = Debug|Any CPU
		{AE676794-12A9-4ACC-989B-FE829CC40927}.Debug|iPhoneSimulator.Deploy.0 = Debug|Any CPU
		{AE676794-12A9-4ACC-989B-FE829CC40927}.Release|Any CPU.ActiveCfg = Release|Any CPU
		{AE676794-12A9-4ACC-989B-FE829CC40927}.Release|Any CPU.Build.0 = Release|Any CPU
		{AE676794-12A9-4ACC-989B-FE829CC40927}.Release|Any CPU.Deploy.0 = Release|Any CPU
		{AE676794-12A9-4ACC-989B-FE829CC40927}.Release|iPhone.ActiveCfg = Release|Any CPU
		{AE676794-12A9-4ACC-989B-FE829CC40927}.Release|iPhone.Build.0 = Release|Any CPU
		{AE676794-12A9-4ACC-989B-FE829CC40927}.Release|iPhone.Deploy.0 = Release|Any CPU
		{AE676794-12A9-4ACC-989B-FE829CC40927}.Release|iPhoneSimulator.ActiveCfg = Release|Any CPU
		{AE676794-12A9-4ACC-989B-FE829CC40927}.Release|iPhoneSimulator.Build.0 = Release|Any CPU
		{AE676794-12A9-4ACC-989B-FE829CC40927}.Release|iPhoneSimulator.Deploy.0 = Release|Any CPU
		{5229C18E-7795-4844-AAAF-F01B381A6BAC}.Ad-Hoc|Any CPU.ActiveCfg = Ad-Hoc|iPhone
		{5229C18E-7795-4844-AAAF-F01B381A6BAC}.Ad-Hoc|Any CPU.Build.0 = Ad-Hoc|iPhone
		{5229C18E-7795-4844-AAAF-F01B381A6BAC}.Ad-Hoc|Any CPU.Deploy.0 = Ad-Hoc|iPhone
		{5229C18E-7795-4844-AAAF-F01B381A6BAC}.Ad-Hoc|iPhone.ActiveCfg = Ad-Hoc|iPhone
		{5229C18E-7795-4844-AAAF-F01B381A6BAC}.Ad-Hoc|iPhone.Build.0 = Ad-Hoc|iPhone
		{5229C18E-7795-4844-AAAF-F01B381A6BAC}.Ad-Hoc|iPhone.Deploy.0 = Ad-Hoc|iPhone
		{5229C18E-7795-4844-AAAF-F01B381A6BAC}.Ad-Hoc|iPhoneSimulator.ActiveCfg = Ad-Hoc|iPhoneSimulator
		{5229C18E-7795-4844-AAAF-F01B381A6BAC}.Ad-Hoc|iPhoneSimulator.Build.0 = Ad-Hoc|iPhoneSimulator
		{5229C18E-7795-4844-AAAF-F01B381A6BAC}.Ad-Hoc|iPhoneSimulator.Deploy.0 = Ad-Hoc|iPhoneSimulator
		{5229C18E-7795-4844-AAAF-F01B381A6BAC}.AppStore|Any CPU.ActiveCfg = AppStore|iPhone
		{5229C18E-7795-4844-AAAF-F01B381A6BAC}.AppStore|Any CPU.Build.0 = AppStore|iPhone
		{5229C18E-7795-4844-AAAF-F01B381A6BAC}.AppStore|Any CPU.Deploy.0 = AppStore|iPhone
		{5229C18E-7795-4844-AAAF-F01B381A6BAC}.AppStore|iPhone.ActiveCfg = AppStore|iPhone
		{5229C18E-7795-4844-AAAF-F01B381A6BAC}.AppStore|iPhone.Build.0 = AppStore|iPhone
		{5229C18E-7795-4844-AAAF-F01B381A6BAC}.AppStore|iPhone.Deploy.0 = AppStore|iPhone
		{5229C18E-7795-4844-AAAF-F01B381A6BAC}.AppStore|iPhoneSimulator.ActiveCfg = AppStore|iPhoneSimulator
		{5229C18E-7795-4844-AAAF-F01B381A6BAC}.AppStore|iPhoneSimulator.Build.0 = AppStore|iPhoneSimulator
		{5229C18E-7795-4844-AAAF-F01B381A6BAC}.AppStore|iPhoneSimulator.Deploy.0 = AppStore|iPhoneSimulator
		{5229C18E-7795-4844-AAAF-F01B381A6BAC}.Debug|Any CPU.ActiveCfg = Debug|iPhoneSimulator
		{5229C18E-7795-4844-AAAF-F01B381A6BAC}.Debug|Any CPU.Build.0 = Debug|iPhoneSimulator
		{5229C18E-7795-4844-AAAF-F01B381A6BAC}.Debug|Any CPU.Deploy.0 = Debug|iPhoneSimulator
		{5229C18E-7795-4844-AAAF-F01B381A6BAC}.Debug|iPhone.ActiveCfg = Debug|iPhone
		{5229C18E-7795-4844-AAAF-F01B381A6BAC}.Debug|iPhone.Build.0 = Debug|iPhone
		{5229C18E-7795-4844-AAAF-F01B381A6BAC}.Debug|iPhone.Deploy.0 = Debug|iPhone
		{5229C18E-7795-4844-AAAF-F01B381A6BAC}.Debug|iPhoneSimulator.ActiveCfg = Debug|iPhoneSimulator
		{5229C18E-7795-4844-AAAF-F01B381A6BAC}.Debug|iPhoneSimulator.Build.0 = Debug|iPhoneSimulator
		{5229C18E-7795-4844-AAAF-F01B381A6BAC}.Debug|iPhoneSimulator.Deploy.0 = Debug|iPhoneSimulator
		{5229C18E-7795-4844-AAAF-F01B381A6BAC}.Release|Any CPU.ActiveCfg = Release|iPhone
		{5229C18E-7795-4844-AAAF-F01B381A6BAC}.Release|Any CPU.Build.0 = Release|iPhone
		{5229C18E-7795-4844-AAAF-F01B381A6BAC}.Release|Any CPU.Deploy.0 = Release|iPhone
		{5229C18E-7795-4844-AAAF-F01B381A6BAC}.Release|iPhone.ActiveCfg = Release|iPhone
		{5229C18E-7795-4844-AAAF-F01B381A6BAC}.Release|iPhone.Build.0 = Release|iPhone
		{5229C18E-7795-4844-AAAF-F01B381A6BAC}.Release|iPhone.Deploy.0 = Release|iPhone
		{5229C18E-7795-4844-AAAF-F01B381A6BAC}.Release|iPhoneSimulator.ActiveCfg = Release|iPhoneSimulator
		{5229C18E-7795-4844-AAAF-F01B381A6BAC}.Release|iPhoneSimulator.Build.0 = Release|iPhoneSimulator
		{5229C18E-7795-4844-AAAF-F01B381A6BAC}.Release|iPhoneSimulator.Deploy.0 = Release|iPhoneSimulator
		{DAE11245-8574-4759-99A7-D50B5647F5E6}.Ad-Hoc|Any CPU.ActiveCfg = Debug|Any CPU
		{DAE11245-8574-4759-99A7-D50B5647F5E6}.Ad-Hoc|Any CPU.Build.0 = Debug|Any CPU
		{DAE11245-8574-4759-99A7-D50B5647F5E6}.Ad-Hoc|Any CPU.Deploy.0 = Debug|Any CPU
		{DAE11245-8574-4759-99A7-D50B5647F5E6}.Ad-Hoc|iPhone.ActiveCfg = Debug|Any CPU
		{DAE11245-8574-4759-99A7-D50B5647F5E6}.Ad-Hoc|iPhone.Build.0 = Debug|Any CPU
		{DAE11245-8574-4759-99A7-D50B5647F5E6}.Ad-Hoc|iPhone.Deploy.0 = Debug|Any CPU
		{DAE11245-8574-4759-99A7-D50B5647F5E6}.Ad-Hoc|iPhoneSimulator.ActiveCfg = Debug|Any CPU
		{DAE11245-8574-4759-99A7-D50B5647F5E6}.Ad-Hoc|iPhoneSimulator.Build.0 = Debug|Any CPU
		{DAE11245-8574-4759-99A7-D50B5647F5E6}.Ad-Hoc|iPhoneSimulator.Deploy.0 = Debug|Any CPU
		{DAE11245-8574-4759-99A7-D50B5647F5E6}.AppStore|Any CPU.ActiveCfg = Debug|Any CPU
		{DAE11245-8574-4759-99A7-D50B5647F5E6}.AppStore|Any CPU.Build.0 = Debug|Any CPU
		{DAE11245-8574-4759-99A7-D50B5647F5E6}.AppStore|Any CPU.Deploy.0 = Debug|Any CPU
		{DAE11245-8574-4759-99A7-D50B5647F5E6}.AppStore|iPhone.ActiveCfg = Debug|Any CPU
		{DAE11245-8574-4759-99A7-D50B5647F5E6}.AppStore|iPhone.Build.0 = Debug|Any CPU
		{DAE11245-8574-4759-99A7-D50B5647F5E6}.AppStore|iPhone.Deploy.0 = Debug|Any CPU
		{DAE11245-8574-4759-99A7-D50B5647F5E6}.AppStore|iPhoneSimulator.ActiveCfg = Debug|Any CPU
		{DAE11245-8574-4759-99A7-D50B5647F5E6}.AppStore|iPhoneSimulator.Build.0 = Debug|Any CPU
		{DAE11245-8574-4759-99A7-D50B5647F5E6}.AppStore|iPhoneSimulator.Deploy.0 = Debug|Any CPU
		{DAE11245-8574-4759-99A7-D50B5647F5E6}.Debug|Any CPU.ActiveCfg = Debug|Any CPU
		{DAE11245-8574-4759-99A7-D50B5647F5E6}.Debug|Any CPU.Build.0 = Debug|Any CPU
		{DAE11245-8574-4759-99A7-D50B5647F5E6}.Debug|Any CPU.Deploy.0 = Debug|Any CPU
		{DAE11245-8574-4759-99A7-D50B5647F5E6}.Debug|iPhone.ActiveCfg = Debug|Any CPU
		{DAE11245-8574-4759-99A7-D50B5647F5E6}.Debug|iPhone.Build.0 = Debug|Any CPU
		{DAE11245-8574-4759-99A7-D50B5647F5E6}.Debug|iPhone.Deploy.0 = Debug|Any CPU
		{DAE11245-8574-4759-99A7-D50B5647F5E6}.Debug|iPhoneSimulator.ActiveCfg = Debug|Any CPU
		{DAE11245-8574-4759-99A7-D50B5647F5E6}.Debug|iPhoneSimulator.Build.0 = Debug|Any CPU
		{DAE11245-8574-4759-99A7-D50B5647F5E6}.Debug|iPhoneSimulator.Deploy.0 = Debug|Any CPU
		{DAE11245-8574-4759-99A7-D50B5647F5E6}.Release|Any CPU.ActiveCfg = Release|Any CPU
		{DAE11245-8574-4759-99A7-D50B5647F5E6}.Release|Any CPU.Build.0 = Release|Any CPU
		{DAE11245-8574-4759-99A7-D50B5647F5E6}.Release|Any CPU.Deploy.0 = Release|Any CPU
		{DAE11245-8574-4759-99A7-D50B5647F5E6}.Release|iPhone.ActiveCfg = Release|Any CPU
		{DAE11245-8574-4759-99A7-D50B5647F5E6}.Release|iPhone.Build.0 = Release|Any CPU
		{DAE11245-8574-4759-99A7-D50B5647F5E6}.Release|iPhone.Deploy.0 = Release|Any CPU
		{DAE11245-8574-4759-99A7-D50B5647F5E6}.Release|iPhoneSimulator.ActiveCfg = Release|Any CPU
		{DAE11245-8574-4759-99A7-D50B5647F5E6}.Release|iPhoneSimulator.Build.0 = Release|Any CPU
		{DAE11245-8574-4759-99A7-D50B5647F5E6}.Release|iPhoneSimulator.Deploy.0 = Release|Any CPU
	EndGlobalSection
	GlobalSection(SolutionProperties) = preSolution
		HideSolutionNode = FALSE
	EndGlobalSection
	GlobalSection(ExtensibilityGlobals) = postSolution
		SolutionGuid = {62444A6F-68E2-4164-94CF-8A14E26219E9}
	EndGlobalSection
EndGlobal
